
Microsoft Visual Studio Solution File, Format Version 12.00
# Visual Studio Version 17
VisualStudioVersion = 17.7.34031.279
MinimumVisualStudioVersion = 10.0.40219.1
Project("{FAE04EC0-301F-11D3-BF4B-00C04F79EFBC}") = "EntityLayer", "EntityLayer\EntityLayer.csproj", "{1DB39ED9-7AED-43F8-A89B-317CCF4399E0}"
EndProject
Project("{FAE04EC0-301F-11D3-BF4B-00C04F79EFBC}") = "DataAccessLayer", "DataAccessLayer\DataAccessLayer.csproj", "{CA4046D2-E812-411A-B265-C3D600F81244}"
EndProject
Project("{FAE04EC0-301F-11D3-BF4B-00C04F79EFBC}") = "BusinessLayer", "BusinessLayer\BusinessLayer.csproj", "{C469C239-D359-49D8-A1E4-470DB7317CA9}"
EndProject
Project("{FAE04EC0-301F-11D3-BF4B-00C04F79EFBC}") = "CoreLayer", "CoreLayer\CoreLayer.csproj", "{0C71D252-D224-48D0-BC2A-0F57BA3F5EB7}"
EndProject
Project("{FAE04EC0-301F-11D3-BF4B-00C04F79EFBC}") = "UI.Web", "UI.Web\UI.Web.csproj", "{641FDE9C-CC17-4F32-BE75-07B4058C929F}"
EndProject
Global
	GlobalSection(SolutionConfigurationPlatforms) = preSolution
		Debug|Any CPU = Debug|Any CPU
		Release|Any CPU = Release|Any CPU
	EndGlobalSection
	GlobalSection(ProjectConfigurationPlatforms) = postSolution
		{1DB39ED9-7AED-43F8-A89B-317CCF4399E0}.Debug|Any CPU.ActiveCfg = Debug|Any CPU
		{1DB39ED9-7AED-43F8-A89B-317CCF4399E0}.Debug|Any CPU.Build.0 = Debug|Any CPU
		{1DB39ED9-7AED-43F8-A89B-317CCF4399E0}.Release|Any CPU.ActiveCfg = Release|Any CPU
		{1DB39ED9-7AED-43F8-A89B-317CCF4399E0}.Release|Any CPU.Build.0 = Release|Any CPU
		{CA4046D2-E812-411A-B265-C3D600F81244}.Debug|Any CPU.ActiveCfg = Debug|Any CPU
		{CA4046D2-E812-411A-B265-C3D600F81244}.Debug|Any CPU.Build.0 = Debug|Any CPU
		{CA4046D2-E812-411A-B265-C3D600F81244}.Release|Any CPU.ActiveCfg = Release|Any CPU
		{CA4046D2-E812-411A-B265-C3D600F81244}.Release|Any CPU.Build.0 = Release|Any CPU
		{C469C239-D359-49D8-A1E4-470DB7317CA9}.Debug|Any CPU.ActiveCfg = Debug|Any CPU
		{C469C239-D359-49D8-A1E4-470DB7317CA9}.Debug|Any CPU.Build.0 = Debug|Any CPU
		{C469C239-D359-49D8-A1E4-470DB7317CA9}.Release|Any CPU.ActiveCfg = Release|Any CPU
		{C469C239-D359-49D8-A1E4-470DB7317CA9}.Release|Any CPU.Build.0 = Release|Any CPU
		{0C71D252-D224-48D0-BC2A-0F57BA3F5EB7}.Debug|Any CPU.ActiveCfg = Debug|Any CPU
		{0C71D252-D224-48D0-BC2A-0F57BA3F5EB7}.Debug|Any CPU.Build.0 = Debug|Any CPU
		{0C71D252-D224-48D0-BC2A-0F57BA3F5EB7}.Release|Any CPU.ActiveCfg = Release|Any CPU
		{0C71D252-D224-48D0-BC2A-0F57BA3F5EB7}.Release|Any CPU.Build.0 = Release|Any CPU
		{641FDE9C-CC17-4F32-BE75-07B4058C929F}.Debug|Any CPU.ActiveCfg = Debug|Any CPU
		{641FDE9C-CC17-4F32-BE75-07B4058C929F}.Debug|Any CPU.Build.0 = Debug|Any CPU
		{641FDE9C-CC17-4F32-BE75-07B4058C929F}.Release|Any CPU.ActiveCfg = Release|Any CPU
		{641FDE9C-CC17-4F32-BE75-07B4058C929F}.Release|Any CPU.Build.0 = Release|Any CPU
	EndGlobalSection
	GlobalSection(SolutionProperties) = preSolution
		HideSolutionNode = FALSE
	EndGlobalSection
	GlobalSection(ExtensibilityGlobals) = postSolution
		SolutionGuid = {21D788CD-CC9D-4A5D-B8A6-F419373E6428}
	EndGlobalSection
EndGlobal
